
Microsoft Visual Studio Solution File, Format Version 12.00
# Visual Studio Version 17
VisualStudioVersion = 17.2.32616.157
MinimumVisualStudioVersion = 10.0.40219.1
Project("{FAE04EC0-301F-11D3-BF4B-00C04F79EFBC}") = "HOTEL", "HOTEL\HOTEL.csproj", "{E508932A-A0C9-4E04-8321-477DA8051A31}"
EndProject
Global
	GlobalSection(SolutionConfigurationPlatforms) = preSolution
		Debug|Any CPU = Debug|Any CPU
		Release|Any CPU = Release|Any CPU
	EndGlobalSection
	GlobalSection(ProjectConfigurationPlatforms) = postSolution
		{E508932A-A0C9-4E04-8321-477DA8051A31}.Debug|Any CPU.ActiveCfg = Debug|Any CPU
		{E508932A-A0C9-4E04-8321-477DA8051A31}.Debug|Any CPU.Build.0 = Debug|Any CPU
		{E508932A-A0C9-4E04-8321-477DA8051A31}.Release|Any CPU.ActiveCfg = Release|Any CPU
		{E508932A-A0C9-4E04-8321-477DA8051A31}.Release|Any CPU.Build.0 = Release|Any CPU
	EndGlobalSection
	GlobalSection(SolutionProperties) = preSolution
		HideSolutionNode = FALSE
	EndGlobalSection
	GlobalSection(ExtensibilityGlobals) = postSolution
		SolutionGuid = {C66FB66F-A7A1-48AA-95B8-8C2A24A2EB77}
	EndGlobalSection
EndGlobal
